// !$*UTF8*$!
{
	archiveVersion = 1;
	classes = {
	};
	objectVersion = 50;
	objects = {

/* Begin PBXBuildFile section */
		973BCC60253745E700401F03 /* UserCell.swift in Sources */ = {isa = PBXBuildFile; fileRef = 973BCC5F253745E700401F03 /* UserCell.swift */; };
		973BCC622537482700401F03 /* UIViewController + Extension.swift in Sources */ = {isa = PBXBuildFile; fileRef = 973BCC612537482700401F03 /* UIViewController + Extension.swift */; };
		9755BC2B251D2CD5008C2C51 /* AppDelegate.swift in Sources */ = {isa = PBXBuildFile; fileRef = 9755BC2A251D2CD5008C2C51 /* AppDelegate.swift */; };
		9755BC2D251D2CD5008C2C51 /* SceneDelegate.swift in Sources */ = {isa = PBXBuildFile; fileRef = 9755BC2C251D2CD5008C2C51 /* SceneDelegate.swift */; };
		9755BC2F251D2CD5008C2C51 /* AuthViewController.swift in Sources */ = {isa = PBXBuildFile; fileRef = 9755BC2E251D2CD5008C2C51 /* AuthViewController.swift */; };
		9755BC35251D2CD5008C2C51 /* ChatNaKolesah.xcdatamodeld in Sources */ = {isa = PBXBuildFile; fileRef = 9755BC33251D2CD5008C2C51 /* ChatNaKolesah.xcdatamodeld */; };
		9755BC37251D2CD9008C2C51 /* Assets.xcassets in Resources */ = {isa = PBXBuildFile; fileRef = 9755BC36251D2CD9008C2C51 /* Assets.xcassets */; };
		9755BC3A251D2CD9008C2C51 /* LaunchScreen.storyboard in Resources */ = {isa = PBXBuildFile; fileRef = 9755BC38251D2CD9008C2C51 /* LaunchScreen.storyboard */; };
		9755BC42251D3483008C2C51 /* UIButton + Extension.swift in Sources */ = {isa = PBXBuildFile; fileRef = 9755BC41251D3483008C2C51 /* UIButton + Extension.swift */; };
		9755BC44251D3786008C2C51 /* UIFont + Extension.swift in Sources */ = {isa = PBXBuildFile; fileRef = 9755BC43251D3786008C2C51 /* UIFont + Extension.swift */; };
		9755BC46251D3864008C2C51 /* UIColor + Extension.swift in Sources */ = {isa = PBXBuildFile; fileRef = 9755BC45251D3864008C2C51 /* UIColor + Extension.swift */; };
		9755BC48251F4C35008C2C51 /* Label + extension.swift in Sources */ = {isa = PBXBuildFile; fileRef = 9755BC47251F4C35008C2C51 /* Label + extension.swift */; };
		9755BC4A251F4D3F008C2C51 /* UIimageView + extenstion.swift in Sources */ = {isa = PBXBuildFile; fileRef = 9755BC49251F4D3F008C2C51 /* UIimageView + extenstion.swift */; };
		9755BC4E251F5239008C2C51 /* ButtonFromView.swift in Sources */ = {isa = PBXBuildFile; fileRef = 9755BC4D251F5239008C2C51 /* ButtonFromView.swift */; };
		9755BC50251F596E008C2C51 /* UIStackView + extension.swift in Sources */ = {isa = PBXBuildFile; fileRef = 9755BC4F251F596E008C2C51 /* UIStackView + extension.swift */; };
		9755BC522523BCE3008C2C51 /* SignUpViewController.swift in Sources */ = {isa = PBXBuildFile; fileRef = 9755BC512523BCE3008C2C51 /* SignUpViewController.swift */; };
		9755BC542523C013008C2C51 /* OneLineTextField.swift in Sources */ = {isa = PBXBuildFile; fileRef = 9755BC532523C013008C2C51 /* OneLineTextField.swift */; };
		9755BC562528823C008C2C51 /* LoginViewController.swift in Sources */ = {isa = PBXBuildFile; fileRef = 9755BC552528823C008C2C51 /* LoginViewController.swift */; };
		9755BC5825288E24008C2C51 /* SetupProfileViewController.swift in Sources */ = {isa = PBXBuildFile; fileRef = 9755BC5725288E24008C2C51 /* SetupProfileViewController.swift */; };
		9755BC5A25289083008C2C51 /* AddPhotoView.swift in Sources */ = {isa = PBXBuildFile; fileRef = 9755BC5925289083008C2C51 /* AddPhotoView.swift */; };
		9766D18525388FE8002BB49F /* ProfileViewController.swift in Sources */ = {isa = PBXBuildFile; fileRef = 9766D18425388FE8002BB49F /* ProfileViewController.swift */; };
		9766D18725389A5F002BB49F /* InsertableTextField.swift in Sources */ = {isa = PBXBuildFile; fileRef = 9766D18625389A5F002BB49F /* InsertableTextField.swift */; };
		9766D18925389E82002BB49F /* UIView + Extension.swift in Sources */ = {isa = PBXBuildFile; fileRef = 9766D18825389E82002BB49F /* UIView + Extension.swift */; };
		9766D18B2538A530002BB49F /* ChatRequestViewController.swift in Sources */ = {isa = PBXBuildFile; fileRef = 9766D18A2538A530002BB49F /* ChatRequestViewController.swift */; };
		976E7FAD2534B50500F70B47 /* activeChats.json in Resources */ = {isa = PBXBuildFile; fileRef = 97C7F7492531F13C009300B2 /* activeChats.json */; };
		976E7FAE2534B50500F70B47 /* waitingChats.json in Resources */ = {isa = PBXBuildFile; fileRef = 97C7F74A2531F140009300B2 /* waitingChats.json */; };
		976E7FAF2534B50500F70B47 /* users.json in Resources */ = {isa = PBXBuildFile; fileRef = 97AC98B02534AD180052A6C1 /* users.json */; };
		977D5DDC25349EA900F43354 /* MChat.swift in Sources */ = {isa = PBXBuildFile; fileRef = 977D5DDB25349EA900F43354 /* MChat.swift */; };
		97AC98B22534ADF20052A6C1 /* Bundle + Extension.swift in Sources */ = {isa = PBXBuildFile; fileRef = 97AC98B12534ADF20052A6C1 /* Bundle + Extension.swift */; };
		97AD86F325289BA000654BF6 /* SegmentedControl + Extension.swift in Sources */ = {isa = PBXBuildFile; fileRef = 97AD86F225289BA000654BF6 /* SegmentedControl + Extension.swift */; };
		97AD86F62528DBA400654BF6 /* ListViewController.swift in Sources */ = {isa = PBXBuildFile; fileRef = 97AD86F52528DBA400654BF6 /* ListViewController.swift */; };
		97AD86F92528DC7600654BF6 /* MainTabBarController.swift in Sources */ = {isa = PBXBuildFile; fileRef = 97AD86F82528DC7600654BF6 /* MainTabBarController.swift */; };
		97AD86FB2528DCDC00654BF6 /* PeopleViewController.swift in Sources */ = {isa = PBXBuildFile; fileRef = 97AD86FA2528DCDC00654BF6 /* PeopleViewController.swift */; };
		97C7F73D2531C01B009300B2 /* ActiveChatCell.swift in Sources */ = {isa = PBXBuildFile; fileRef = 97C7F73C2531C01B009300B2 /* ActiveChatCell.swift */; };
		97C7F73F2531D610009300B2 /* GradientView.swift in Sources */ = {isa = PBXBuildFile; fileRef = 97C7F73E2531D610009300B2 /* GradientView.swift */; };
		97C7F7412531DCE8009300B2 /* WaitingChatCell.swift in Sources */ = {isa = PBXBuildFile; fileRef = 97C7F7402531DCE8009300B2 /* WaitingChatCell.swift */; };
		97C7F7432531DE95009300B2 /* SelfConfigurationCell.swift in Sources */ = {isa = PBXBuildFile; fileRef = 97C7F7422531DE95009300B2 /* SelfConfigurationCell.swift */; };
		97C7F7462531E6E3009300B2 /* SectionHeader.swift in Sources */ = {isa = PBXBuildFile; fileRef = 97C7F7452531E6E3009300B2 /* SectionHeader.swift */; };
		97C7F74D2531F247009300B2 /* MUser.swift in Sources */ = {isa = PBXBuildFile; fileRef = 97C7F74C2531F247009300B2 /* MUser.swift */; };
/* End PBXBuildFile section */

/* Begin PBXFileReference section */
		973BCC5F253745E700401F03 /* UserCell.swift */ = {isa = PBXFileReference; lastKnownFileType = sourcecode.swift; path = UserCell.swift; sourceTree = "<group>"; };
		973BCC612537482700401F03 /* UIViewController + Extension.swift */ = {isa = PBXFileReference; lastKnownFileType = sourcecode.swift; path = "UIViewController + Extension.swift"; sourceTree = "<group>"; };
		9755BC27251D2CD5008C2C51 /* ChatNaKolesah.app */ = {isa = PBXFileReference; explicitFileType = wrapper.application; includeInIndex = 0; path = ChatNaKolesah.app; sourceTree = BUILT_PRODUCTS_DIR; };
		9755BC2A251D2CD5008C2C51 /* AppDelegate.swift */ = {isa = PBXFileReference; lastKnownFileType = sourcecode.swift; path = AppDelegate.swift; sourceTree = "<group>"; };
		9755BC2C251D2CD5008C2C51 /* SceneDelegate.swift */ = {isa = PBXFileReference; lastKnownFileType = sourcecode.swift; path = SceneDelegate.swift; sourceTree = "<group>"; };
		9755BC2E251D2CD5008C2C51 /* AuthViewController.swift */ = {isa = PBXFileReference; lastKnownFileType = sourcecode.swift; path = AuthViewController.swift; sourceTree = "<group>"; };
		9755BC34251D2CD5008C2C51 /* ChatNaKolesah.xcdatamodel */ = {isa = PBXFileReference; lastKnownFileType = wrapper.xcdatamodel; path = ChatNaKolesah.xcdatamodel; sourceTree = "<group>"; };
		9755BC36251D2CD9008C2C51 /* Assets.xcassets */ = {isa = PBXFileReference; lastKnownFileType = folder.assetcatalog; path = Assets.xcassets; sourceTree = "<group>"; };
		9755BC39251D2CD9008C2C51 /* Base */ = {isa = PBXFileReference; lastKnownFileType = file.storyboard; name = Base; path = Base.lproj/LaunchScreen.storyboard; sourceTree = "<group>"; };
		9755BC3B251D2CD9008C2C51 /* Info.plist */ = {isa = PBXFileReference; lastKnownFileType = text.plist.xml; path = Info.plist; sourceTree = "<group>"; };
		9755BC41251D3483008C2C51 /* UIButton + Extension.swift */ = {isa = PBXFileReference; lastKnownFileType = sourcecode.swift; path = "UIButton + Extension.swift"; sourceTree = "<group>"; };
		9755BC43251D3786008C2C51 /* UIFont + Extension.swift */ = {isa = PBXFileReference; lastKnownFileType = sourcecode.swift; path = "UIFont + Extension.swift"; sourceTree = "<group>"; };
		9755BC45251D3864008C2C51 /* UIColor + Extension.swift */ = {isa = PBXFileReference; lastKnownFileType = sourcecode.swift; path = "UIColor + Extension.swift"; sourceTree = "<group>"; };
		9755BC47251F4C35008C2C51 /* Label + extension.swift */ = {isa = PBXFileReference; lastKnownFileType = sourcecode.swift; path = "Label + extension.swift"; sourceTree = "<group>"; };
		9755BC49251F4D3F008C2C51 /* UIimageView + extenstion.swift */ = {isa = PBXFileReference; lastKnownFileType = sourcecode.swift; path = "UIimageView + extenstion.swift"; sourceTree = "<group>"; };
		9755BC4D251F5239008C2C51 /* ButtonFromView.swift */ = {isa = PBXFileReference; lastKnownFileType = sourcecode.swift; path = ButtonFromView.swift; sourceTree = "<group>"; };
		9755BC4F251F596E008C2C51 /* UIStackView + extension.swift */ = {isa = PBXFileReference; lastKnownFileType = sourcecode.swift; path = "UIStackView + extension.swift"; sourceTree = "<group>"; };
		9755BC512523BCE3008C2C51 /* SignUpViewController.swift */ = {isa = PBXFileReference; lastKnownFileType = sourcecode.swift; path = SignUpViewController.swift; sourceTree = "<group>"; };
		9755BC532523C013008C2C51 /* OneLineTextField.swift */ = {isa = PBXFileReference; lastKnownFileType = sourcecode.swift; path = OneLineTextField.swift; sourceTree = "<group>"; };
		9755BC552528823C008C2C51 /* LoginViewController.swift */ = {isa = PBXFileReference; lastKnownFileType = sourcecode.swift; path = LoginViewController.swift; sourceTree = "<group>"; };
		9755BC5725288E24008C2C51 /* SetupProfileViewController.swift */ = {isa = PBXFileReference; lastKnownFileType = sourcecode.swift; path = SetupProfileViewController.swift; sourceTree = "<group>"; };
		9755BC5925289083008C2C51 /* AddPhotoView.swift */ = {isa = PBXFileReference; lastKnownFileType = sourcecode.swift; path = AddPhotoView.swift; sourceTree = "<group>"; };
		9766D18425388FE8002BB49F /* ProfileViewController.swift */ = {isa = PBXFileReference; lastKnownFileType = sourcecode.swift; path = ProfileViewController.swift; sourceTree = "<group>"; };
		9766D18625389A5F002BB49F /* InsertableTextField.swift */ = {isa = PBXFileReference; lastKnownFileType = sourcecode.swift; path = InsertableTextField.swift; sourceTree = "<group>"; };
		9766D18825389E82002BB49F /* UIView + Extension.swift */ = {isa = PBXFileReference; lastKnownFileType = sourcecode.swift; path = "UIView + Extension.swift"; sourceTree = "<group>"; };
		9766D18A2538A530002BB49F /* ChatRequestViewController.swift */ = {isa = PBXFileReference; lastKnownFileType = sourcecode.swift; path = ChatRequestViewController.swift; sourceTree = "<group>"; };
		977D5DDB25349EA900F43354 /* MChat.swift */ = {isa = PBXFileReference; lastKnownFileType = sourcecode.swift; path = MChat.swift; sourceTree = "<group>"; };
		97AC98B02534AD180052A6C1 /* users.json */ = {isa = PBXFileReference; lastKnownFileType = text.json; path = users.json; sourceTree = "<group>"; };
		97AC98B12534ADF20052A6C1 /* Bundle + Extension.swift */ = {isa = PBXFileReference; lastKnownFileType = sourcecode.swift; path = "Bundle + Extension.swift"; sourceTree = "<group>"; };
		97AD86F225289BA000654BF6 /* SegmentedControl + Extension.swift */ = {isa = PBXFileReference; lastKnownFileType = sourcecode.swift; path = "SegmentedControl + Extension.swift"; sourceTree = "<group>"; };
		97AD86F52528DBA400654BF6 /* ListViewController.swift */ = {isa = PBXFileReference; lastKnownFileType = sourcecode.swift; path = ListViewController.swift; sourceTree = "<group>"; };
		97AD86F82528DC7600654BF6 /* MainTabBarController.swift */ = {isa = PBXFileReference; lastKnownFileType = sourcecode.swift; path = MainTabBarController.swift; sourceTree = "<group>"; };
		97AD86FA2528DCDC00654BF6 /* PeopleViewController.swift */ = {isa = PBXFileReference; lastKnownFileType = sourcecode.swift; path = PeopleViewController.swift; sourceTree = "<group>"; };
		97C7F73C2531C01B009300B2 /* ActiveChatCell.swift */ = {isa = PBXFileReference; lastKnownFileType = sourcecode.swift; path = ActiveChatCell.swift; sourceTree = "<group>"; };
		97C7F73E2531D610009300B2 /* GradientView.swift */ = {isa = PBXFileReference; lastKnownFileType = sourcecode.swift; path = GradientView.swift; sourceTree = "<group>"; };
		97C7F7402531DCE8009300B2 /* WaitingChatCell.swift */ = {isa = PBXFileReference; lastKnownFileType = sourcecode.swift; path = WaitingChatCell.swift; sourceTree = "<group>"; };
		97C7F7422531DE95009300B2 /* SelfConfigurationCell.swift */ = {isa = PBXFileReference; lastKnownFileType = sourcecode.swift; path = SelfConfigurationCell.swift; sourceTree = "<group>"; };
		97C7F7452531E6E3009300B2 /* SectionHeader.swift */ = {isa = PBXFileReference; lastKnownFileType = sourcecode.swift; path = SectionHeader.swift; sourceTree = "<group>"; };
		97C7F7492531F13C009300B2 /* activeChats.json */ = {isa = PBXFileReference; lastKnownFileType = text.json; path = activeChats.json; sourceTree = "<group>"; };
		97C7F74A2531F140009300B2 /* waitingChats.json */ = {isa = PBXFileReference; lastKnownFileType = text.json; path = waitingChats.json; sourceTree = "<group>"; };
		97C7F74C2531F247009300B2 /* MUser.swift */ = {isa = PBXFileReference; lastKnownFileType = sourcecode.swift; path = MUser.swift; sourceTree = "<group>"; };
/* End PBXFileReference section */

/* Begin PBXFrameworksBuildPhase section */
		9755BC24251D2CD5008C2C51 /* Frameworks */ = {
			isa = PBXFrameworksBuildPhase;
			buildActionMask = 2147483647;
			files = (
			);
			runOnlyForDeploymentPostprocessing = 0;
		};
/* End PBXFrameworksBuildPhase section */

/* Begin PBXGroup section */
		9755BC1E251D2CD5008C2C51 = {
			isa = PBXGroup;
			children = (
				9755BC29251D2CD5008C2C51 /* ChatNaKolesah */,
				9755BC28251D2CD5008C2C51 /* Products */,
			);
			sourceTree = "<group>";
		};
		9755BC28251D2CD5008C2C51 /* Products */ = {
			isa = PBXGroup;
			children = (
				9755BC27251D2CD5008C2C51 /* ChatNaKolesah.app */,
			);
			name = Products;
			sourceTree = "<group>";
		};
		9755BC29251D2CD5008C2C51 /* ChatNaKolesah */ = {
			isa = PBXGroup;
			children = (
				9755BC2A251D2CD5008C2C51 /* AppDelegate.swift */,
				9755BC2C251D2CD5008C2C51 /* SceneDelegate.swift */,
				977D5DDD25349F5A00F43354 /* Models */,
				97AD86F72528DBAB00654BF6 /* Controllers */,
				97C7F7442531DED2009300B2 /* Protocols */,
				97AD86F42528DB7A00654BF6 /* SignIn and Auth */,
				9755BC4C251F50C6008C2C51 /* Extensions */,
				9755BC36251D2CD9008C2C51 /* Assets.xcassets */,
				97AC98AF2534AD180052A6C1 /* jsons */,
				9755BC38251D2CD9008C2C51 /* LaunchScreen.storyboard */,
				9755BC3B251D2CD9008C2C51 /* Info.plist */,
				9755BC33251D2CD5008C2C51 /* ChatNaKolesah.xcdatamodeld */,
			);
			path = ChatNaKolesah;
			sourceTree = "<group>";
		};
		9755BC4B251F50A6008C2C51 /* UIKit */ = {
			isa = PBXGroup;
			children = (
				9755BC49251F4D3F008C2C51 /* UIimageView + extenstion.swift */,
				9755BC47251F4C35008C2C51 /* Label + extension.swift */,
				9755BC4F251F596E008C2C51 /* UIStackView + extension.swift */,
				9755BC45251D3864008C2C51 /* UIColor + Extension.swift */,
				9766D18625389A5F002BB49F /* InsertableTextField.swift */,
				973BCC612537482700401F03 /* UIViewController + Extension.swift */,
				97AD86F225289BA000654BF6 /* SegmentedControl + Extension.swift */,
				9755BC43251D3786008C2C51 /* UIFont + Extension.swift */,
				9755BC41251D3483008C2C51 /* UIButton + Extension.swift */,
				9766D18825389E82002BB49F /* UIView + Extension.swift */,
			);
			path = UIKit;
			sourceTree = "<group>";
		};
		9755BC4C251F50C6008C2C51 /* Extensions */ = {
			isa = PBXGroup;
			children = (
				9755BC5925289083008C2C51 /* AddPhotoView.swift */,
				97AC98B12534ADF20052A6C1 /* Bundle + Extension.swift */,
				9755BC532523C013008C2C51 /* OneLineTextField.swift */,
				97C7F73E2531D610009300B2 /* GradientView.swift */,
				9755BC4D251F5239008C2C51 /* ButtonFromView.swift */,
				9755BC4B251F50A6008C2C51 /* UIKit */,
			);
			path = Extensions;
			sourceTree = "<group>";
		};
		977D5DDD25349F5A00F43354 /* Models */ = {
			isa = PBXGroup;
			children = (
				97C7F74C2531F247009300B2 /* MUser.swift */,
				977D5DDB25349EA900F43354 /* MChat.swift */,
			);
			path = Models;
			sourceTree = "<group>";
		};
		97AC98AF2534AD180052A6C1 /* jsons */ = {
			isa = PBXGroup;
			children = (
				97C7F7492531F13C009300B2 /* activeChats.json */,
				97C7F74A2531F140009300B2 /* waitingChats.json */,
				97AC98B02534AD180052A6C1 /* users.json */,
			);
			path = jsons;
			sourceTree = "<group>";
		};
		97AD86F42528DB7A00654BF6 /* SignIn and Auth */ = {
			isa = PBXGroup;
			children = (
				9755BC2E251D2CD5008C2C51 /* AuthViewController.swift */,
				9755BC552528823C008C2C51 /* LoginViewController.swift */,
				9755BC512523BCE3008C2C51 /* SignUpViewController.swift */,
				9755BC5725288E24008C2C51 /* SetupProfileViewController.swift */,
			);
			path = "SignIn and Auth";
			sourceTree = "<group>";
		};
		97AD86F72528DBAB00654BF6 /* Controllers */ = {
			isa = PBXGroup;
			children = (
				97AD86F82528DC7600654BF6 /* MainTabBarController.swift */,
				9766D18425388FE8002BB49F /* ProfileViewController.swift */,
				97AD86F52528DBA400654BF6 /* ListViewController.swift */,
				9766D18A2538A530002BB49F /* ChatRequestViewController.swift */,
				97AD86FA2528DCDC00654BF6 /* PeopleViewController.swift */,
				97C7F74B2531F17E009300B2 /* SectionHeader */,
				97C7F73B2531C003009300B2 /* Cell */,
			);
			path = Controllers;
			sourceTree = "<group>";
		};
		97C7F73B2531C003009300B2 /* Cell */ = {
			isa = PBXGroup;
			children = (
				97C7F73C2531C01B009300B2 /* ActiveChatCell.swift */,
				973BCC5F253745E700401F03 /* UserCell.swift */,
				97C7F7402531DCE8009300B2 /* WaitingChatCell.swift */,
			);
			path = Cell;
			sourceTree = "<group>";
		};
		97C7F7442531DED2009300B2 /* Protocols */ = {
			isa = PBXGroup;
			children = (
				97C7F7422531DE95009300B2 /* SelfConfigurationCell.swift */,
			);
			path = Protocols;
			sourceTree = "<group>";
		};
		97C7F74B2531F17E009300B2 /* SectionHeader */ = {
			isa = PBXGroup;
			children = (
				97C7F7452531E6E3009300B2 /* SectionHeader.swift */,
			);
			path = SectionHeader;
			sourceTree = "<group>";
		};
/* End PBXGroup section */

/* Begin PBXNativeTarget section */
		9755BC26251D2CD5008C2C51 /* ChatNaKolesah */ = {
			isa = PBXNativeTarget;
			buildConfigurationList = 9755BC3E251D2CD9008C2C51 /* Build configuration list for PBXNativeTarget "ChatNaKolesah" */;
			buildPhases = (
				9755BC23251D2CD5008C2C51 /* Sources */,
				9755BC24251D2CD5008C2C51 /* Frameworks */,
				9755BC25251D2CD5008C2C51 /* Resources */,
			);
			buildRules = (
			);
			dependencies = (
			);
			name = ChatNaKolesah;
			productName = ChatNaKolesah;
			productReference = 9755BC27251D2CD5008C2C51 /* ChatNaKolesah.app */;
			productType = "com.apple.product-type.application";
		};
/* End PBXNativeTarget section */

/* Begin PBXProject section */
		9755BC1F251D2CD5008C2C51 /* Project object */ = {
			isa = PBXProject;
			attributes = {
				LastSwiftUpdateCheck = 1130;
				LastUpgradeCheck = 1130;
				ORGANIZATIONNAME = "Mikhail Malyshev";
				TargetAttributes = {
					9755BC26251D2CD5008C2C51 = {
						CreatedOnToolsVersion = 11.3.1;
					};
				};
			};
			buildConfigurationList = 9755BC22251D2CD5008C2C51 /* Build configuration list for PBXProject "ChatNaKolesah" */;
			compatibilityVersion = "Xcode 9.3";
			developmentRegion = en;
			hasScannedForEncodings = 0;
			knownRegions = (
				en,
				Base,
			);
			mainGroup = 9755BC1E251D2CD5008C2C51;
			productRefGroup = 9755BC28251D2CD5008C2C51 /* Products */;
			projectDirPath = "";
			projectRoot = "";
			targets = (
				9755BC26251D2CD5008C2C51 /* ChatNaKolesah */,
			);
		};
/* End PBXProject section */

/* Begin PBXResourcesBuildPhase section */
		9755BC25251D2CD5008C2C51 /* Resources */ = {
			isa = PBXResourcesBuildPhase;
			buildActionMask = 2147483647;
			files = (
				976E7FAD2534B50500F70B47 /* activeChats.json in Resources */,
				976E7FAE2534B50500F70B47 /* waitingChats.json in Resources */,
				976E7FAF2534B50500F70B47 /* users.json in Resources */,
				9755BC3A251D2CD9008C2C51 /* LaunchScreen.storyboard in Resources */,
				9755BC37251D2CD9008C2C51 /* Assets.xcassets in Resources */,
			);
			runOnlyForDeploymentPostprocessing = 0;
		};
/* End PBXResourcesBuildPhase section */

/* Begin PBXSourcesBuildPhase section */
		9755BC23251D2CD5008C2C51 /* Sources */ = {
			isa = PBXSourcesBuildPhase;
			buildActionMask = 2147483647;
			files = (
				97C7F74D2531F247009300B2 /* MUser.swift in Sources */,
				9755BC562528823C008C2C51 /* LoginViewController.swift in Sources */,
				97C7F73F2531D610009300B2 /* GradientView.swift in Sources */,
				9755BC46251D3864008C2C51 /* UIColor + Extension.swift in Sources */,
				97AC98B22534ADF20052A6C1 /* Bundle + Extension.swift in Sources */,
				9755BC44251D3786008C2C51 /* UIFont + Extension.swift in Sources */,
				9766D18725389A5F002BB49F /* InsertableTextField.swift in Sources */,
				9755BC5825288E24008C2C51 /* SetupProfileViewController.swift in Sources */,
				9755BC48251F4C35008C2C51 /* Label + extension.swift in Sources */,
				97AD86FB2528DCDC00654BF6 /* PeopleViewController.swift in Sources */,
				9755BC50251F596E008C2C51 /* UIStackView + extension.swift in Sources */,
				9755BC42251D3483008C2C51 /* UIButton + Extension.swift in Sources */,
				9755BC4E251F5239008C2C51 /* ButtonFromView.swift in Sources */,
				9766D18525388FE8002BB49F /* ProfileViewController.swift in Sources */,
				9755BC522523BCE3008C2C51 /* SignUpViewController.swift in Sources */,
				97C7F7462531E6E3009300B2 /* SectionHeader.swift in Sources */,
				9755BC35251D2CD5008C2C51 /* ChatNaKolesah.xcdatamodeld in Sources */,
				9755BC4A251F4D3F008C2C51 /* UIimageView + extenstion.swift in Sources */,
				973BCC622537482700401F03 /* UIViewController + Extension.swift in Sources */,
				973BCC60253745E700401F03 /* UserCell.swift in Sources */,
				9755BC5A25289083008C2C51 /* AddPhotoView.swift in Sources */,
				9755BC2F251D2CD5008C2C51 /* AuthViewController.swift in Sources */,
				97AD86F92528DC7600654BF6 /* MainTabBarController.swift in Sources */,
				9755BC2B251D2CD5008C2C51 /* AppDelegate.swift in Sources */,
				97AD86F62528DBA400654BF6 /* ListViewController.swift in Sources */,
				97C7F7412531DCE8009300B2 /* WaitingChatCell.swift in Sources */,
				9766D18B2538A530002BB49F /* ChatRequestViewController.swift in Sources */,
				9766D18925389E82002BB49F /* UIView + Extension.swift in Sources */,
				9755BC542523C013008C2C51 /* OneLineTextField.swift in Sources */,
				97C7F73D2531C01B009300B2 /* ActiveChatCell.swift in Sources */,
				9755BC2D251D2CD5008C2C51 /* SceneDelegate.swift in Sources */,
				97AD86F325289BA000654BF6 /* SegmentedControl + Extension.swift in Sources */,
				97C7F7432531DE95009300B2 /* SelfConfigurationCell.swift in Sources */,
				977D5DDC25349EA900F43354 /* MChat.swift in Sources */,
			);
			runOnlyForDeploymentPostprocessing = 0;
		};
/* End PBXSourcesBuildPhase section */

/* Begin PBXVariantGroup section */
		9755BC38251D2CD9008C2C51 /* LaunchScreen.storyboard */ = {
			isa = PBXVariantGroup;
			children = (
				9755BC39251D2CD9008C2C51 /* Base */,
			);
			name = LaunchScreen.storyboard;
			sourceTree = "<group>";
		};
/* End PBXVariantGroup section */

/* Begin XCBuildConfiguration section */
		9755BC3C251D2CD9008C2C51 /* Debug */ = {
			isa = XCBuildConfiguration;
			buildSettings = {
				ALWAYS_SEARCH_USER_PATHS = NO;
				CLANG_ANALYZER_NONNULL = YES;
				CLANG_ANALYZER_NUMBER_OBJECT_CONVERSION = YES_AGGRESSIVE;
				CLANG_CXX_LANGUAGE_STANDARD = "gnu++14";
				CLANG_CXX_LIBRARY = "libc++";
				CLANG_ENABLE_MODULES = YES;
				CLANG_ENABLE_OBJC_ARC = YES;
				CLANG_ENABLE_OBJC_WEAK = YES;
				CLANG_WARN_BLOCK_CAPTURE_AUTORELEASING = YES;
				CLANG_WARN_BOOL_CONVERSION = YES;
				CLANG_WARN_COMMA = YES;
				CLANG_WARN_CONSTANT_CONVERSION = YES;
				CLANG_WARN_DEPRECATED_OBJC_IMPLEMENTATIONS = YES;
				CLANG_WARN_DIRECT_OBJC_ISA_USAGE = YES_ERROR;
				CLANG_WARN_DOCUMENTATION_COMMENTS = YES;
				CLANG_WARN_EMPTY_BODY = YES;
				CLANG_WARN_ENUM_CONVERSION = YES;
				CLANG_WARN_INFINITE_RECURSION = YES;
				CLANG_WARN_INT_CONVERSION = YES;
				CLANG_WARN_NON_LITERAL_NULL_CONVERSION = YES;
				CLANG_WARN_OBJC_IMPLICIT_RETAIN_SELF = YES;
				CLANG_WARN_OBJC_LITERAL_CONVERSION = YES;
				CLANG_WARN_OBJC_ROOT_CLASS = YES_ERROR;
				CLANG_WARN_RANGE_LOOP_ANALYSIS = YES;
				CLANG_WARN_STRICT_PROTOTYPES = YES;
				CLANG_WARN_SUSPICIOUS_MOVE = YES;
				CLANG_WARN_UNGUARDED_AVAILABILITY = YES_AGGRESSIVE;
				CLANG_WARN_UNREACHABLE_CODE = YES;
				CLANG_WARN__DUPLICATE_METHOD_MATCH = YES;
				COPY_PHASE_STRIP = NO;
				DEBUG_INFORMATION_FORMAT = dwarf;
				ENABLE_STRICT_OBJC_MSGSEND = YES;
				ENABLE_TESTABILITY = YES;
				GCC_C_LANGUAGE_STANDARD = gnu11;
				GCC_DYNAMIC_NO_PIC = NO;
				GCC_NO_COMMON_BLOCKS = YES;
				GCC_OPTIMIZATION_LEVEL = 0;
				GCC_PREPROCESSOR_DEFINITIONS = (
					"DEBUG=1",
					"$(inherited)",
				);
				GCC_WARN_64_TO_32_BIT_CONVERSION = YES;
				GCC_WARN_ABOUT_RETURN_TYPE = YES_ERROR;
				GCC_WARN_UNDECLARED_SELECTOR = YES;
				GCC_WARN_UNINITIALIZED_AUTOS = YES_AGGRESSIVE;
				GCC_WARN_UNUSED_FUNCTION = YES;
				GCC_WARN_UNUSED_VARIABLE = YES;
				IPHONEOS_DEPLOYMENT_TARGET = 13.2;
				MTL_ENABLE_DEBUG_INFO = INCLUDE_SOURCE;
				MTL_FAST_MATH = YES;
				ONLY_ACTIVE_ARCH = YES;
				SDKROOT = iphoneos;
				SWIFT_ACTIVE_COMPILATION_CONDITIONS = DEBUG;
				SWIFT_OPTIMIZATION_LEVEL = "-Onone";
			};
			name = Debug;
		};
		9755BC3D251D2CD9008C2C51 /* Release */ = {
			isa = XCBuildConfiguration;
			buildSettings = {
				ALWAYS_SEARCH_USER_PATHS = NO;
				CLANG_ANALYZER_NONNULL = YES;
				CLANG_ANALYZER_NUMBER_OBJECT_CONVERSION = YES_AGGRESSIVE;
				CLANG_CXX_LANGUAGE_STANDARD = "gnu++14";
				CLANG_CXX_LIBRARY = "libc++";
				CLANG_ENABLE_MODULES = YES;
				CLANG_ENABLE_OBJC_ARC = YES;
				CLANG_ENABLE_OBJC_WEAK = YES;
				CLANG_WARN_BLOCK_CAPTURE_AUTORELEASING = YES;
				CLANG_WARN_BOOL_CONVERSION = YES;
				CLANG_WARN_COMMA = YES;
				CLANG_WARN_CONSTANT_CONVERSION = YES;
				CLANG_WARN_DEPRECATED_OBJC_IMPLEMENTATIONS = YES;
				CLANG_WARN_DIRECT_OBJC_ISA_USAGE = YES_ERROR;
				CLANG_WARN_DOCUMENTATION_COMMENTS = YES;
				CLANG_WARN_EMPTY_BODY = YES;
				CLANG_WARN_ENUM_CONVERSION = YES;
				CLANG_WARN_INFINITE_RECURSION = YES;
				CLANG_WARN_INT_CONVERSION = YES;
				CLANG_WARN_NON_LITERAL_NULL_CONVERSION = YES;
				CLANG_WARN_OBJC_IMPLICIT_RETAIN_SELF = YES;
				CLANG_WARN_OBJC_LITERAL_CONVERSION = YES;
				CLANG_WARN_OBJC_ROOT_CLASS = YES_ERROR;
				CLANG_WARN_RANGE_LOOP_ANALYSIS = YES;
				CLANG_WARN_STRICT_PROTOTYPES = YES;
				CLANG_WARN_SUSPICIOUS_MOVE = YES;
				CLANG_WARN_UNGUARDED_AVAILABILITY = YES_AGGRESSIVE;
				CLANG_WARN_UNREACHABLE_CODE = YES;
				CLANG_WARN__DUPLICATE_METHOD_MATCH = YES;
				COPY_PHASE_STRIP = NO;
				DEBUG_INFORMATION_FORMAT = "dwarf-with-dsym";
				ENABLE_NS_ASSERTIONS = NO;
				ENABLE_STRICT_OBJC_MSGSEND = YES;
				GCC_C_LANGUAGE_STANDARD = gnu11;
				GCC_NO_COMMON_BLOCKS = YES;
				GCC_WARN_64_TO_32_BIT_CONVERSION = YES;
				GCC_WARN_ABOUT_RETURN_TYPE = YES_ERROR;
				GCC_WARN_UNDECLARED_SELECTOR = YES;
				GCC_WARN_UNINITIALIZED_AUTOS = YES_AGGRESSIVE;
				GCC_WARN_UNUSED_FUNCTION = YES;
				GCC_WARN_UNUSED_VARIABLE = YES;
				IPHONEOS_DEPLOYMENT_TARGET = 13.2;
				MTL_ENABLE_DEBUG_INFO = NO;
				MTL_FAST_MATH = YES;
				SDKROOT = iphoneos;
				SWIFT_COMPILATION_MODE = wholemodule;
				SWIFT_OPTIMIZATION_LEVEL = "-O";
				VALIDATE_PRODUCT = YES;
			};
			name = Release;
		};
		9755BC3F251D2CD9008C2C51 /* Debug */ = {
			isa = XCBuildConfiguration;
			buildSettings = {
				ASSETCATALOG_COMPILER_APPICON_NAME = AppIcon;
				CODE_SIGN_STYLE = Automatic;
				DEVELOPMENT_TEAM = WDRH34Y5Z9;
				INFOPLIST_FILE = ChatNaKolesah/Info.plist;
				LD_RUNPATH_SEARCH_PATHS = (
					"$(inherited)",
					"@executable_path/Frameworks",
				);
				PRODUCT_BUNDLE_IDENTIFIER = edu.self.ChatNaKolesah;
				PRODUCT_NAME = "$(TARGET_NAME)";
				SWIFT_VERSION = 5.0;
				TARGETED_DEVICE_FAMILY = "1,2";
			};
			name = Debug;
		};
		9755BC40251D2CD9008C2C51 /* Release */ = {
			isa = XCBuildConfiguration;
			buildSettings = {
				ASSETCATALOG_COMPILER_APPICON_NAME = AppIcon;
				CODE_SIGN_STYLE = Automatic;
				DEVELOPMENT_TEAM = WDRH34Y5Z9;
				INFOPLIST_FILE = ChatNaKolesah/Info.plist;
				LD_RUNPATH_SEARCH_PATHS = (
					"$(inherited)",
					"@executable_path/Frameworks",
				);
				PRODUCT_BUNDLE_IDENTIFIER = edu.self.ChatNaKolesah;
				PRODUCT_NAME = "$(TARGET_NAME)";
				SWIFT_VERSION = 5.0;
				TARGETED_DEVICE_FAMILY = "1,2";
			};
			name = Release;
		};
/* End XCBuildConfiguration section */

/* Begin XCConfigurationList section */
		9755BC22251D2CD5008C2C51 /* Build configuration list for PBXProject "ChatNaKolesah" */ = {
			isa = XCConfigurationList;
			buildConfigurations = (
				9755BC3C251D2CD9008C2C51 /* Debug */,
				9755BC3D251D2CD9008C2C51 /* Release */,
			);
			defaultConfigurationIsVisible = 0;
			defaultConfigurationName = Release;
		};
		9755BC3E251D2CD9008C2C51 /* Build configuration list for PBXNativeTarget "ChatNaKolesah" */ = {
			isa = XCConfigurationList;
			buildConfigurations = (
				9755BC3F251D2CD9008C2C51 /* Debug */,
				9755BC40251D2CD9008C2C51 /* Release */,
			);
			defaultConfigurationIsVisible = 0;
			defaultConfigurationName = Release;
		};
/* End XCConfigurationList section */

/* Begin XCVersionGroup section */
		9755BC33251D2CD5008C2C51 /* ChatNaKolesah.xcdatamodeld */ = {
			isa = XCVersionGroup;
			children = (
				9755BC34251D2CD5008C2C51 /* ChatNaKolesah.xcdatamodel */,
			);
			currentVersion = 9755BC34251D2CD5008C2C51 /* ChatNaKolesah.xcdatamodel */;
			path = ChatNaKolesah.xcdatamodeld;
			sourceTree = "<group>";
			versionGroupType = wrapper.xcdatamodel;
		};
/* End XCVersionGroup section */
	};
	rootObject = 9755BC1F251D2CD5008C2C51 /* Project object */;
}
